# This file is automatically @generated by Cargo.
# It is not intended for manual editing.
version = 4

[[package]]
name = "kern-capability"
version = "0.0.0"
dependencies = [
 "kern-policy",
 "kern-types",
]

[[package]]
name = "kern-cli"
version = "0.0.0"
dependencies = [
 "kern-capability",
 "kern-exec",
 "kern-fsm",
 "kern-git",
 "kern-policy",
 "kern-repo",
 "kern-types",
]

[[package]]
name = "kern-exec"
version = "0.0.0"
dependencies = [
 "kern-capability",
 "kern-types",
]

[[package]]
name = "kern-fsm"
version = "0.0.0"
dependencies = [
 "kern-types",
]

[[package]]
name = "kern-git"
version = "0.0.0"
dependencies = [
 "kern-capability",
 "kern-repo",
 "kern-types",
]

[[package]]
name = "kern-policy"
version = "0.0.0"
dependencies = [
 "kern-types",
]

[[package]]
name = "kern-repo"
version = "0.0.0"
dependencies = [
 "kern-types",
]

[[package]]
name = "kern-types"
version = "0.0.0"
